
Microsoft Visual Studio Solution File, Format Version 12.00
# Visual Studio 15
VisualStudioVersion = 15.0.28307.645
MinimumVisualStudioVersion = 10.0.40219.1
Project("{FAE04EC0-301F-11D3-BF4B-00C04F79EFBC}") = "App1.Android", "App1\App1.Android\App1.Android.csproj", "{A0E3A3A4-86CB-4BEA-AEBA-3E30E14966B0}"
EndProject
Project("{FAE04EC0-301F-11D3-BF4B-00C04F79EFBC}") = "App1.iOS", "App1\App1.iOS\App1.iOS.csproj", "{61BC0FEC-4514-49CB-AB1B-84AABADA51E4}"
EndProject
Project("{FAE04EC0-301F-11D3-BF4B-00C04F79EFBC}") = "App1", "App1\App1\App1.csproj", "{FBA16239-C73B-4B21-BE82-85D667C4F1A7}"
EndProject
Global
	GlobalSection(SolutionConfigurationPlatforms) = preSolution
		Ad-Hoc|Any CPU = Ad-Hoc|Any CPU
		Ad-Hoc|iPhone = Ad-Hoc|iPhone
		Ad-Hoc|iPhoneSimulator = Ad-Hoc|iPhoneSimulator
		AppStore|Any CPU = AppStore|Any CPU
		AppStore|iPhone = AppStore|iPhone
		AppStore|iPhoneSimulator = AppStore|iPhoneSimulator
		Debug|Any CPU = Debug|Any CPU
		Debug|iPhone = Debug|iPhone
		Debug|iPhoneSimulator = Debug|iPhoneSimulator
		Release|Any CPU = Release|Any CPU
		Release|iPhone = Release|iPhone
		Release|iPhoneSimulator = Release|iPhoneSimulator
	EndGlobalSection
	GlobalSection(ProjectConfigurationPlatforms) = postSolution
		{A0E3A3A4-86CB-4BEA-AEBA-3E30E14966B0}.Ad-Hoc|Any CPU.ActiveCfg = Release|Any CPU
		{A0E3A3A4-86CB-4BEA-AEBA-3E30E14966B0}.Ad-Hoc|Any CPU.Build.0 = Release|Any CPU
		{A0E3A3A4-86CB-4BEA-AEBA-3E30E14966B0}.Ad-Hoc|Any CPU.Deploy.0 = Release|Any CPU
		{A0E3A3A4-86CB-4BEA-AEBA-3E30E14966B0}.Ad-Hoc|iPhone.ActiveCfg = Release|Any CPU
		{A0E3A3A4-86CB-4BEA-AEBA-3E30E14966B0}.Ad-Hoc|iPhone.Build.0 = Release|Any CPU
		{A0E3A3A4-86CB-4BEA-AEBA-3E30E14966B0}.Ad-Hoc|iPhone.Deploy.0 = Release|Any CPU
		{A0E3A3A4-86CB-4BEA-AEBA-3E30E14966B0}.Ad-Hoc|iPhoneSimulator.ActiveCfg = Release|Any CPU
		{A0E3A3A4-86CB-4BEA-AEBA-3E30E14966B0}.Ad-Hoc|iPhoneSimulator.Build.0 = Release|Any CPU
		{A0E3A3A4-86CB-4BEA-AEBA-3E30E14966B0}.Ad-Hoc|iPhoneSimulator.Deploy.0 = Release|Any CPU
		{A0E3A3A4-86CB-4BEA-AEBA-3E30E14966B0}.AppStore|Any CPU.ActiveCfg = Release|Any CPU
		{A0E3A3A4-86CB-4BEA-AEBA-3E30E14966B0}.AppStore|Any CPU.Build.0 = Release|Any CPU
		{A0E3A3A4-86CB-4BEA-AEBA-3E30E14966B0}.AppStore|Any CPU.Deploy.0 = Release|Any CPU
		{A0E3A3A4-86CB-4BEA-AEBA-3E30E14966B0}.AppStore|iPhone.ActiveCfg = Release|Any CPU
		{A0E3A3A4-86CB-4BEA-AEBA-3E30E14966B0}.AppStore|iPhone.Build.0 = Release|Any CPU
		{A0E3A3A4-86CB-4BEA-AEBA-3E30E14966B0}.AppStore|iPhone.Deploy.0 = Release|Any CPU
		{A0E3A3A4-86CB-4BEA-AEBA-3E30E14966B0}.AppStore|iPhoneSimulator.ActiveCfg = Release|Any CPU
		{A0E3A3A4-86CB-4BEA-AEBA-3E30E14966B0}.AppStore|iPhoneSimulator.Build.0 = Release|Any CPU
		{A0E3A3A4-86CB-4BEA-AEBA-3E30E14966B0}.AppStore|iPhoneSimulator.Deploy.0 = Release|Any CPU
		{A0E3A3A4-86CB-4BEA-AEBA-3E30E14966B0}.Debug|Any CPU.ActiveCfg = Debug|Any CPU
		{A0E3A3A4-86CB-4BEA-AEBA-3E30E14966B0}.Debug|Any CPU.Build.0 = Debug|Any CPU
		{A0E3A3A4-86CB-4BEA-AEBA-3E30E14966B0}.Debug|Any CPU.Deploy.0 = Debug|Any CPU
		{A0E3A3A4-86CB-4BEA-AEBA-3E30E14966B0}.Debug|iPhone.ActiveCfg = Debug|Any CPU
		{A0E3A3A4-86CB-4BEA-AEBA-3E30E14966B0}.Debug|iPhone.Build.0 = Debug|Any CPU
		{A0E3A3A4-86CB-4BEA-AEBA-3E30E14966B0}.Debug|iPhone.Deploy.0 = Debug|Any CPU
		{A0E3A3A4-86CB-4BEA-AEBA-3E30E14966B0}.Debug|iPhoneSimulator.ActiveCfg = Debug|Any CPU
		{A0E3A3A4-86CB-4BEA-AEBA-3E30E14966B0}.Debug|iPhoneSimulator.Build.0 = Debug|Any CPU
		{A0E3A3A4-86CB-4BEA-AEBA-3E30E14966B0}.Debug|iPhoneSimulator.Deploy.0 = Debug|Any CPU
		{A0E3A3A4-86CB-4BEA-AEBA-3E30E14966B0}.Release|Any CPU.ActiveCfg = Release|Any CPU
		{A0E3A3A4-86CB-4BEA-AEBA-3E30E14966B0}.Release|Any CPU.Build.0 = Release|Any CPU
		{A0E3A3A4-86CB-4BEA-AEBA-3E30E14966B0}.Release|Any CPU.Deploy.0 = Release|Any CPU
		{A0E3A3A4-86CB-4BEA-AEBA-3E30E14966B0}.Release|iPhone.ActiveCfg = Release|Any CPU
		{A0E3A3A4-86CB-4BEA-AEBA-3E30E14966B0}.Release|iPhone.Build.0 = Release|Any CPU
		{A0E3A3A4-86CB-4BEA-AEBA-3E30E14966B0}.Release|iPhone.Deploy.0 = Release|Any CPU
		{A0E3A3A4-86CB-4BEA-AEBA-3E30E14966B0}.Release|iPhoneSimulator.ActiveCfg = Release|Any CPU
		{A0E3A3A4-86CB-4BEA-AEBA-3E30E14966B0}.Release|iPhoneSimulator.Build.0 = Release|Any CPU
		{A0E3A3A4-86CB-4BEA-AEBA-3E30E14966B0}.Release|iPhoneSimulator.Deploy.0 = Release|Any CPU
		{61BC0FEC-4514-49CB-AB1B-84AABADA51E4}.Ad-Hoc|Any CPU.ActiveCfg = Ad-Hoc|iPhone
		{61BC0FEC-4514-49CB-AB1B-84AABADA51E4}.Ad-Hoc|Any CPU.Build.0 = Ad-Hoc|iPhone
		{61BC0FEC-4514-49CB-AB1B-84AABADA51E4}.Ad-Hoc|Any CPU.Deploy.0 = Ad-Hoc|iPhone
		{61BC0FEC-4514-49CB-AB1B-84AABADA51E4}.Ad-Hoc|iPhone.ActiveCfg = Ad-Hoc|iPhone
		{61BC0FEC-4514-49CB-AB1B-84AABADA51E4}.Ad-Hoc|iPhone.Build.0 = Ad-Hoc|iPhone
		{61BC0FEC-4514-49CB-AB1B-84AABADA51E4}.Ad-Hoc|iPhone.Deploy.0 = Ad-Hoc|iPhone
		{61BC0FEC-4514-49CB-AB1B-84AABADA51E4}.Ad-Hoc|iPhoneSimulator.ActiveCfg = Ad-Hoc|iPhoneSimulator
		{61BC0FEC-4514-49CB-AB1B-84AABADA51E4}.Ad-Hoc|iPhoneSimulator.Build.0 = Ad-Hoc|iPhoneSimulator
		{61BC0FEC-4514-49CB-AB1B-84AABADA51E4}.Ad-Hoc|iPhoneSimulator.Deploy.0 = Ad-Hoc|iPhoneSimulator
		{61BC0FEC-4514-49CB-AB1B-84AABADA51E4}.AppStore|Any CPU.ActiveCfg = AppStore|iPhone
		{61BC0FEC-4514-49CB-AB1B-84AABADA51E4}.AppStore|Any CPU.Build.0 = AppStore|iPhone
		{61BC0FEC-4514-49CB-AB1B-84AABADA51E4}.AppStore|Any CPU.Deploy.0 = AppStore|iPhone
		{61BC0FEC-4514-49CB-AB1B-84AABADA51E4}.AppStore|iPhone.ActiveCfg = AppStore|iPhone
		{61BC0FEC-4514-49CB-AB1B-84AABADA51E4}.AppStore|iPhone.Build.0 = AppStore|iPhone
		{61BC0FEC-4514-49CB-AB1B-84AABADA51E4}.AppStore|iPhone.Deploy.0 = AppStore|iPhone
		{61BC0FEC-4514-49CB-AB1B-84AABADA51E4}.AppStore|iPhoneSimulator.ActiveCfg = AppStore|iPhoneSimulator
		{61BC0FEC-4514-49CB-AB1B-84AABADA51E4}.AppStore|iPhoneSimulator.Build.0 = AppStore|iPhoneSimulator
		{61BC0FEC-4514-49CB-AB1B-84AABADA51E4}.AppStore|iPhoneSimulator.Deploy.0 = AppStore|iPhoneSimulator
		{61BC0FEC-4514-49CB-AB1B-84AABADA51E4}.Debug|Any CPU.ActiveCfg = Debug|iPhoneSimulator
		{61BC0FEC-4514-49CB-AB1B-84AABADA51E4}.Debug|Any CPU.Build.0 = Debug|iPhoneSimulator
		{61BC0FEC-4514-49CB-AB1B-84AABADA51E4}.Debug|Any CPU.Deploy.0 = Debug|iPhoneSimulator
		{61BC0FEC-4514-49CB-AB1B-84AABADA51E4}.Debug|iPhone.ActiveCfg = Debug|iPhone
		{61BC0FEC-4514-49CB-AB1B-84AABADA51E4}.Debug|iPhone.Build.0 = Debug|iPhone
		{61BC0FEC-4514-49CB-AB1B-84AABADA51E4}.Debug|iPhone.Deploy.0 = Debug|iPhone
		{61BC0FEC-4514-49CB-AB1B-84AABADA51E4}.Debug|iPhoneSimulator.ActiveCfg = Debug|iPhoneSimulator
		{61BC0FEC-4514-49CB-AB1B-84AABADA51E4}.Debug|iPhoneSimulator.Build.0 = Debug|iPhoneSimulator
		{61BC0FEC-4514-49CB-AB1B-84AABADA51E4}.Debug|iPhoneSimulator.Deploy.0 = Debug|iPhoneSimulator
		{61BC0FEC-4514-49CB-AB1B-84AABADA51E4}.Release|Any CPU.ActiveCfg = Release|iPhone
		{61BC0FEC-4514-49CB-AB1B-84AABADA51E4}.Release|Any CPU.Build.0 = Release|iPhone
		{61BC0FEC-4514-49CB-AB1B-84AABADA51E4}.Release|Any CPU.Deploy.0 = Release|iPhone
		{61BC0FEC-4514-49CB-AB1B-84AABADA51E4}.Release|iPhone.ActiveCfg = Release|iPhone
		{61BC0FEC-4514-49CB-AB1B-84AABADA51E4}.Release|iPhone.Build.0 = Release|iPhone
		{61BC0FEC-4514-49CB-AB1B-84AABADA51E4}.Release|iPhone.Deploy.0 = Release|iPhone
		{61BC0FEC-4514-49CB-AB1B-84AABADA51E4}.Release|iPhoneSimulator.ActiveCfg = Release|iPhoneSimulator
		{61BC0FEC-4514-49CB-AB1B-84AABADA51E4}.Release|iPhoneSimulator.Build.0 = Release|iPhoneSimulator
		{61BC0FEC-4514-49CB-AB1B-84AABADA51E4}.Release|iPhoneSimulator.Deploy.0 = Release|iPhoneSimulator
		{FBA16239-C73B-4B21-BE82-85D667C4F1A7}.Ad-Hoc|Any CPU.ActiveCfg = Debug|Any CPU
		{FBA16239-C73B-4B21-BE82-85D667C4F1A7}.Ad-Hoc|Any CPU.Build.0 = Debug|Any CPU
		{FBA16239-C73B-4B21-BE82-85D667C4F1A7}.Ad-Hoc|Any CPU.Deploy.0 = Debug|Any CPU
		{FBA16239-C73B-4B21-BE82-85D667C4F1A7}.Ad-Hoc|iPhone.ActiveCfg = Debug|Any CPU
		{FBA16239-C73B-4B21-BE82-85D667C4F1A7}.Ad-Hoc|iPhone.Build.0 = Debug|Any CPU
		{FBA16239-C73B-4B21-BE82-85D667C4F1A7}.Ad-Hoc|iPhone.Deploy.0 = Debug|Any CPU
		{FBA16239-C73B-4B21-BE82-85D667C4F1A7}.Ad-Hoc|iPhoneSimulator.ActiveCfg = Debug|Any CPU
		{FBA16239-C73B-4B21-BE82-85D667C4F1A7}.Ad-Hoc|iPhoneSimulator.Build.0 = Debug|Any CPU
		{FBA16239-C73B-4B21-BE82-85D667C4F1A7}.Ad-Hoc|iPhoneSimulator.Deploy.0 = Debug|Any CPU
		{FBA16239-C73B-4B21-BE82-85D667C4F1A7}.AppStore|Any CPU.ActiveCfg = Debug|Any CPU
		{FBA16239-C73B-4B21-BE82-85D667C4F1A7}.AppStore|Any CPU.Build.0 = Debug|Any CPU
		{FBA16239-C73B-4B21-BE82-85D667C4F1A7}.AppStore|Any CPU.Deploy.0 = Debug|Any CPU
		{FBA16239-C73B-4B21-BE82-85D667C4F1A7}.AppStore|iPhone.ActiveCfg = Debug|Any CPU
		{FBA16239-C73B-4B21-BE82-85D667C4F1A7}.AppStore|iPhone.Build.0 = Debug|Any CPU
		{FBA16239-C73B-4B21-BE82-85D667C4F1A7}.AppStore|iPhone.Deploy.0 = Debug|Any CPU
		{FBA16239-C73B-4B21-BE82-85D667C4F1A7}.AppStore|iPhoneSimulator.ActiveCfg = Debug|Any CPU
		{FBA16239-C73B-4B21-BE82-85D667C4F1A7}.AppStore|iPhoneSimulator.Build.0 = Debug|Any CPU
		{FBA16239-C73B-4B21-BE82-85D667C4F1A7}.AppStore|iPhoneSimulator.Deploy.0 = Debug|Any CPU
		{FBA16239-C73B-4B21-BE82-85D667C4F1A7}.Debug|Any CPU.ActiveCfg = Debug|Any CPU
		{FBA16239-C73B-4B21-BE82-85D667C4F1A7}.Debug|Any CPU.Build.0 = Debug|Any CPU
		{FBA16239-C73B-4B21-BE82-85D667C4F1A7}.Debug|Any CPU.Deploy.0 = Debug|Any CPU
		{FBA16239-C73B-4B21-BE82-85D667C4F1A7}.Debug|iPhone.ActiveCfg = Debug|Any CPU
		{FBA16239-C73B-4B21-BE82-85D667C4F1A7}.Debug|iPhone.Build.0 = Debug|Any CPU
		{FBA16239-C73B-4B21-BE82-85D667C4F1A7}.Debug|iPhone.Deploy.0 = Debug|Any CPU
		{FBA16239-C73B-4B21-BE82-85D667C4F1A7}.Debug|iPhoneSimulator.ActiveCfg = Debug|Any CPU
		{FBA16239-C73B-4B21-BE82-85D667C4F1A7}.Debug|iPhoneSimulator.Build.0 = Debug|Any CPU
		{FBA16239-C73B-4B21-BE82-85D667C4F1A7}.Debug|iPhoneSimulator.Deploy.0 = Debug|Any CPU
		{FBA16239-C73B-4B21-BE82-85D667C4F1A7}.Release|Any CPU.ActiveCfg = Release|Any CPU
		{FBA16239-C73B-4B21-BE82-85D667C4F1A7}.Release|Any CPU.Build.0 = Release|Any CPU
		{FBA16239-C73B-4B21-BE82-85D667C4F1A7}.Release|Any CPU.Deploy.0 = Release|Any CPU
		{FBA16239-C73B-4B21-BE82-85D667C4F1A7}.Release|iPhone.ActiveCfg = Release|Any CPU
		{FBA16239-C73B-4B21-BE82-85D667C4F1A7}.Release|iPhone.Build.0 = Release|Any CPU
		{FBA16239-C73B-4B21-BE82-85D667C4F1A7}.Release|iPhone.Deploy.0 = Release|Any CPU
		{FBA16239-C73B-4B21-BE82-85D667C4F1A7}.Release|iPhoneSimulator.ActiveCfg = Release|Any CPU
		{FBA16239-C73B-4B21-BE82-85D667C4F1A7}.Release|iPhoneSimulator.Build.0 = Release|Any CPU
		{FBA16239-C73B-4B21-BE82-85D667C4F1A7}.Release|iPhoneSimulator.Deploy.0 = Release|Any CPU
	EndGlobalSection
	GlobalSection(SolutionProperties) = preSolution
		HideSolutionNode = FALSE
	EndGlobalSection
	GlobalSection(ExtensibilityGlobals) = postSolution
		SolutionGuid = {3B721F8A-A887-46D6-8A40-3AFB4527200F}
	EndGlobalSection
EndGlobal
